
Microsoft Visual Studio Solution File, Format Version 12.00
# Visual Studio Version 17
VisualStudioVersion = 17.7.34031.279
MinimumVisualStudioVersion = 10.0.40219.1
Project("{FAE04EC0-301F-11D3-BF4B-00C04F79EFBC}") = "Dima1", "Dima1\Dima1.csproj", "{D336FED2-C903-4F07-9DCC-4D15D7A5F726}"
EndProject
Global
	GlobalSection(SolutionConfigurationPlatforms) = preSolution
		Debug|Any CPU = Debug|Any CPU
		Release|Any CPU = Release|Any CPU
	EndGlobalSection
	GlobalSection(ProjectConfigurationPlatforms) = postSolution
		{D336FED2-C903-4F07-9DCC-4D15D7A5F726}.Debug|Any CPU.ActiveCfg = Debug|Any CPU
		{D336FED2-C903-4F07-9DCC-4D15D7A5F726}.Debug|Any CPU.Build.0 = Debug|Any CPU
		{D336FED2-C903-4F07-9DCC-4D15D7A5F726}.Release|Any CPU.ActiveCfg = Release|Any CPU
		{D336FED2-C903-4F07-9DCC-4D15D7A5F726}.Release|Any CPU.Build.0 = Release|Any CPU
	EndGlobalSection
	GlobalSection(SolutionProperties) = preSolution
		HideSolutionNode = FALSE
	EndGlobalSection
	GlobalSection(ExtensibilityGlobals) = postSolution
		SolutionGuid = {6A3F7631-6AE8-4367-9B99-117E9261FA9D}
	EndGlobalSection
EndGlobal
